
Microsoft Visual Studio Solution File, Format Version 12.00
# Visual Studio Version 16
VisualStudioVersion = 16.0.31410.357
MinimumVisualStudioVersion = 10.0.40219.1
Project("{FAE04EC0-301F-11D3-BF4B-00C04F79EFBC}") = "DevIO.AppMvc", "src\DevIO.AppMvc\DevIO.AppMvc.csproj", "{D24C7AA5-DA1D-4107-9466-14D29FF9472D}"
EndProject
Project("{FAE04EC0-301F-11D3-BF4B-00C04F79EFBC}") = "DevIO.Business", "src\DevIO.Business\DevIO.Business.csproj", "{491B5AC9-239D-4713-B556-568F9EC26321}"
EndProject
Project("{FAE04EC0-301F-11D3-BF4B-00C04F79EFBC}") = "DevIO.Infra", "src\DevIO.Infra\DevIO.Infra.csproj", "{F63D2326-76AD-4183-BF82-686D8858D529}"
EndProject
Global
	GlobalSection(SolutionConfigurationPlatforms) = preSolution
		Debug|Any CPU = Debug|Any CPU
		Release|Any CPU = Release|Any CPU
	EndGlobalSection
	GlobalSection(ProjectConfigurationPlatforms) = postSolution
		{D24C7AA5-DA1D-4107-9466-14D29FF9472D}.Debug|Any CPU.ActiveCfg = Debug|Any CPU
		{D24C7AA5-DA1D-4107-9466-14D29FF9472D}.Debug|Any CPU.Build.0 = Debug|Any CPU
		{D24C7AA5-DA1D-4107-9466-14D29FF9472D}.Release|Any CPU.ActiveCfg = Release|Any CPU
		{D24C7AA5-DA1D-4107-9466-14D29FF9472D}.Release|Any CPU.Build.0 = Release|Any CPU
		{491B5AC9-239D-4713-B556-568F9EC26321}.Debug|Any CPU.ActiveCfg = Debug|Any CPU
		{491B5AC9-239D-4713-B556-568F9EC26321}.Debug|Any CPU.Build.0 = Debug|Any CPU
		{491B5AC9-239D-4713-B556-568F9EC26321}.Release|Any CPU.ActiveCfg = Release|Any CPU
		{491B5AC9-239D-4713-B556-568F9EC26321}.Release|Any CPU.Build.0 = Release|Any CPU
		{F63D2326-76AD-4183-BF82-686D8858D529}.Debug|Any CPU.ActiveCfg = Debug|Any CPU
		{F63D2326-76AD-4183-BF82-686D8858D529}.Debug|Any CPU.Build.0 = Debug|Any CPU
		{F63D2326-76AD-4183-BF82-686D8858D529}.Release|Any CPU.ActiveCfg = Release|Any CPU
		{F63D2326-76AD-4183-BF82-686D8858D529}.Release|Any CPU.Build.0 = Release|Any CPU
	EndGlobalSection
	GlobalSection(SolutionProperties) = preSolution
		HideSolutionNode = FALSE
	EndGlobalSection
	GlobalSection(ExtensibilityGlobals) = postSolution
		SolutionGuid = {AFAE8E39-B438-4753-B493-C4512BC76483}
	EndGlobalSection
EndGlobal
